
Microsoft Visual Studio Solution File, Format Version 12.00
# Visual Studio Version 17
VisualStudioVersion = 17.13.35825.156 d17.13
MinimumVisualStudioVersion = 10.0.40219.1
Project("{FAE04EC0-301F-11D3-BF4B-00C04F79EFBC}") = "Desktop", "Desktop\Desktop.csproj", "{62D5347C-8F5E-4A73-925D-9DA7BF18D225}"
EndProject
Global
	GlobalSection(SolutionConfigurationPlatforms) = preSolution
		Debug|Any CPU = Debug|Any CPU
		Release|Any CPU = Release|Any CPU
	EndGlobalSection
	GlobalSection(ProjectConfigurationPlatforms) = postSolution
		{62D5347C-8F5E-4A73-925D-9DA7BF18D225}.Debug|Any CPU.ActiveCfg = Debug|Any CPU
		{62D5347C-8F5E-4A73-925D-9DA7BF18D225}.Debug|Any CPU.Build.0 = Debug|Any CPU
		{62D5347C-8F5E-4A73-925D-9DA7BF18D225}.Release|Any CPU.ActiveCfg = Release|Any CPU
		{62D5347C-8F5E-4A73-925D-9DA7BF18D225}.Release|Any CPU.Build.0 = Release|Any CPU
	EndGlobalSection
	GlobalSection(SolutionProperties) = preSolution
		HideSolutionNode = FALSE
	EndGlobalSection
	GlobalSection(ExtensibilityGlobals) = postSolution
		SolutionGuid = {F5D82DF5-45D3-4FA5-A8BB-BB92B7937AFF}
	EndGlobalSection
EndGlobal
